
Microsoft Visual Studio Solution File, Format Version 12.00
# Visual Studio Version 17
VisualStudioVersion = 17.2.32526.322
MinimumVisualStudioVersion = 10.0.40219.1
Project("{FAE04EC0-301F-11D3-BF4B-00C04F79EFBC}") = "TestWebAPI", "TestWebAPI.csproj", "{CA7E9962-2B77-4628-9487-F9EF49592F72}"
EndProject
Global
	GlobalSection(SolutionConfigurationPlatforms) = preSolution
		Debug|Any CPU = Debug|Any CPU
		Release|Any CPU = Release|Any CPU
	EndGlobalSection
	GlobalSection(ProjectConfigurationPlatforms) = postSolution
		{CA7E9962-2B77-4628-9487-F9EF49592F72}.Debug|Any CPU.ActiveCfg = Debug|Any CPU
		{CA7E9962-2B77-4628-9487-F9EF49592F72}.Debug|Any CPU.Build.0 = Debug|Any CPU
		{CA7E9962-2B77-4628-9487-F9EF49592F72}.Release|Any CPU.ActiveCfg = Release|Any CPU
		{CA7E9962-2B77-4628-9487-F9EF49592F72}.Release|Any CPU.Build.0 = Release|Any CPU
	EndGlobalSection
	GlobalSection(SolutionProperties) = preSolution
		HideSolutionNode = FALSE
	EndGlobalSection
	GlobalSection(ExtensibilityGlobals) = postSolution
		SolutionGuid = {3360485D-B3C5-4F74-8EE4-E7AAB896B7F3}
	EndGlobalSection
EndGlobal
